
Microsoft Visual Studio Solution File, Format Version 12.00
# Visual Studio 14
VisualStudioVersion = 14.0.25420.1
MinimumVisualStudioVersion = 10.0.40219.1
Project("{FAE04EC0-301F-11D3-BF4B-00C04F79EFBC}") = "Project", "Project\Project.csproj", "{D335296B-D4C1-40E5-A9A3-1ADC7F72CDDD}"
EndProject
Project("{FAE04EC0-301F-11D3-BF4B-00C04F79EFBC}") = "ClassLibrary", "ClassLibrary\ClassLibrary.csproj", "{76C81C20-EBE8-467E-A164-7317D6961CDB}"
EndProject
Global
	GlobalSection(SolutionConfigurationPlatforms) = preSolution
		Debug|Any CPU = Debug|Any CPU
		Release|Any CPU = Release|Any CPU
	EndGlobalSection
	GlobalSection(ProjectConfigurationPlatforms) = postSolution
		{D335296B-D4C1-40E5-A9A3-1ADC7F72CDDD}.Debug|Any CPU.ActiveCfg = Debug|Any CPU
		{D335296B-D4C1-40E5-A9A3-1ADC7F72CDDD}.Debug|Any CPU.Build.0 = Debug|Any CPU
		{D335296B-D4C1-40E5-A9A3-1ADC7F72CDDD}.Release|Any CPU.ActiveCfg = Release|Any CPU
		{D335296B-D4C1-40E5-A9A3-1ADC7F72CDDD}.Release|Any CPU.Build.0 = Release|Any CPU
		{76C81C20-EBE8-467E-A164-7317D6961CDB}.Debug|Any CPU.ActiveCfg = Debug|Any CPU
		{76C81C20-EBE8-467E-A164-7317D6961CDB}.Debug|Any CPU.Build.0 = Debug|Any CPU
		{76C81C20-EBE8-467E-A164-7317D6961CDB}.Release|Any CPU.ActiveCfg = Release|Any CPU
		{76C81C20-EBE8-467E-A164-7317D6961CDB}.Release|Any CPU.Build.0 = Release|Any CPU
	EndGlobalSection
	GlobalSection(SolutionProperties) = preSolution
		HideSolutionNode = FALSE
	EndGlobalSection
EndGlobal
